
Microsoft Visual Studio Solution File, Format Version 12.00
# Visual Studio Version 17
VisualStudioVersion = 17.5.33516.290
MinimumVisualStudioVersion = 10.0.40219.1
Project("{FAE04EC0-301F-11D3-BF4B-00C04F79EFBC}") = "Ejercicios4Practicos_RLG", "Ejercicios4Practicos_RLG.csproj", "{E6875609-1CDE-46A8-9655-4B7A620C5BF6}"
EndProject
Global
	GlobalSection(SolutionConfigurationPlatforms) = preSolution
		Debug|Any CPU = Debug|Any CPU
		Release|Any CPU = Release|Any CPU
	EndGlobalSection
	GlobalSection(ProjectConfigurationPlatforms) = postSolution
		{E6875609-1CDE-46A8-9655-4B7A620C5BF6}.Debug|Any CPU.ActiveCfg = Debug|Any CPU
		{E6875609-1CDE-46A8-9655-4B7A620C5BF6}.Debug|Any CPU.Build.0 = Debug|Any CPU
		{E6875609-1CDE-46A8-9655-4B7A620C5BF6}.Release|Any CPU.ActiveCfg = Release|Any CPU
		{E6875609-1CDE-46A8-9655-4B7A620C5BF6}.Release|Any CPU.Build.0 = Release|Any CPU
	EndGlobalSection
	GlobalSection(SolutionProperties) = preSolution
		HideSolutionNode = FALSE
	EndGlobalSection
	GlobalSection(ExtensibilityGlobals) = postSolution
		SolutionGuid = {DF4689F6-8613-492C-BED4-7BC7665559DA}
	EndGlobalSection
EndGlobal
